sdk: ^2.0.0-alpha.92
prefixes:
  cli: pkg-cli
  host: pkg-host
  png-tools: ..
  png_display: toit-png-display
packages:
  ..:
    path: ..
  pkg-cli:
    url: github.com/toitlang/pkg-cli
    name: cli
    version: 1.2.0
    hash: 0e2adab3ab434c597be60438ccf64008f703ad9c
  pkg-host:
    url: github.com/toitlang/pkg-host
    name: host
    version: 1.9.0
    hash: 76e4dc5328a5c3739e97f65ed196d05058071359
  toit-pixel-display:
    url: github.com/toitware/toit-pixel-display
    name: pixel_display
    version: 1.6.1
    hash: 61693447fcf73e7dd4044780fd7991c2d371b7ec
  toit-png-display:
    url: github.com/toitware/toit-png-display
    name: png_display
    version: 0.3.0
    hash: 44fe24cf6e3a499a3bbe3e143d587c02579744a9
    prefixes:
      pixel_display: toit-pixel-display
